
Microsoft Visual Studio Solution File, Format Version 12.00
# Visual Studio Version 17
VisualStudioVersion = 17.9.34607.119
MinimumVisualStudioVersion = 10.0.40219.1
Project("{9A19103F-16F7-4668-BE54-9A1E7A4F7556}") = "WebAPIWDapper", "Test.WebAPIWDapper\WebAPIWDapper.csproj", "{E861FE97-6C0D-41AB-8947-785A8824ECB9}"
EndProject
Project("{2150E333-8FDC-42A3-9474-1A3956D46DE8}") = "Solution Items", "Solution Items", "{FE25BE04-7BCD-4F90-A154-F5ED1F413E3D}"
EndProject
Project("{2150E333-8FDC-42A3-9474-1A3956D46DE8}") = ".gitea", ".gitea", "{06D7C825-8C71-4B97-ABAF-DEE741B0A808}"
EndProject
Project("{2150E333-8FDC-42A3-9474-1A3956D46DE8}") = "workflows", "workflows", "{57A203A3-E26E-466B-B8D7-A0ECFFBD8118}"
	ProjectSection(SolutionItems) = preProject
		.gitea\workflows\ci-build.yaml = .gitea\workflows\ci-build.yaml
		.gitea\workflows\ci-dev.yaml = .gitea\workflows\ci-dev.yaml
	EndProjectSection
EndProject
Project("{2150E333-8FDC-42A3-9474-1A3956D46DE8}") = "Archive", "Archive", "{A79EAB00-375B-4795-BBCB-73971D6F752A}"
	ProjectSection(SolutionItems) = preProject
		.gitea\workflows\Archive\backend-deploy-original.yaml = .gitea\workflows\Archive\backend-deploy-original.yaml
		.gitea\workflows\Archive\backend-deploy.yaml = .gitea\workflows\Archive\backend-deploy.yaml
		.gitea\workflows\Archive\cicd-dev.yaml = .gitea\workflows\Archive\cicd-dev.yaml
		.gitea\workflows\Archive\deploy-dev.yaml = .gitea\workflows\Archive\deploy-dev.yaml
		.gitea\workflows\Archive\setup-node.yaml = .gitea\workflows\Archive\setup-node.yaml
	EndProjectSection
EndProject
Project("{9A19103F-16F7-4668-BE54-9A1E7A4F7556}") = "WebAPIWDapper.Tester", "Test.WebAPIWDapper.Tester\WebAPIWDapper.Tester.csproj", "{2110E57F-D0E0-4909-B090-8D03071AEF31}"
EndProject
Project("{FAE04EC0-301F-11D3-BF4B-00C04F79EFBC}") = "rbacapi", "rbacapi\rbacapi.csproj", "{EDC8EEB3-7F56-4E0C-A736-E2945A3C70EC}"
EndProject
Global
	GlobalSection(SolutionConfigurationPlatforms) = preSolution
		Debug|Any CPU = Debug|Any CPU
		Release|Any CPU = Release|Any CPU
	EndGlobalSection
	GlobalSection(ProjectConfigurationPlatforms) = postSolution
		{E861FE97-6C0D-41AB-8947-785A8824ECB9}.Debug|Any CPU.ActiveCfg = Debug|Any CPU
		{E861FE97-6C0D-41AB-8947-785A8824ECB9}.Debug|Any CPU.Build.0 = Debug|Any CPU
		{E861FE97-6C0D-41AB-8947-785A8824ECB9}.Release|Any CPU.ActiveCfg = Release|Any CPU
		{E861FE97-6C0D-41AB-8947-785A8824ECB9}.Release|Any CPU.Build.0 = Release|Any CPU
		{2110E57F-D0E0-4909-B090-8D03071AEF31}.Debug|Any CPU.ActiveCfg = Debug|Any CPU
		{2110E57F-D0E0-4909-B090-8D03071AEF31}.Debug|Any CPU.Build.0 = Debug|Any CPU
		{2110E57F-D0E0-4909-B090-8D03071AEF31}.Release|Any CPU.ActiveCfg = Release|Any CPU
		{2110E57F-D0E0-4909-B090-8D03071AEF31}.Release|Any CPU.Build.0 = Release|Any CPU
		{EDC8EEB3-7F56-4E0C-A736-E2945A3C70EC}.Debug|Any CPU.ActiveCfg = Debug|Any CPU
		{EDC8EEB3-7F56-4E0C-A736-E2945A3C70EC}.Debug|Any CPU.Build.0 = Debug|Any CPU
		{EDC8EEB3-7F56-4E0C-A736-E2945A3C70EC}.Release|Any CPU.ActiveCfg = Release|Any CPU
		{EDC8EEB3-7F56-4E0C-A736-E2945A3C70EC}.Release|Any CPU.Build.0 = Release|Any CPU
	EndGlobalSection
	GlobalSection(SolutionProperties) = preSolution
		HideSolutionNode = FALSE
	EndGlobalSection
	GlobalSection(NestedProjects) = preSolution
		{06D7C825-8C71-4B97-ABAF-DEE741B0A808} = {FE25BE04-7BCD-4F90-A154-F5ED1F413E3D}
		{57A203A3-E26E-466B-B8D7-A0ECFFBD8118} = {06D7C825-8C71-4B97-ABAF-DEE741B0A808}
		{A79EAB00-375B-4795-BBCB-73971D6F752A} = {57A203A3-E26E-466B-B8D7-A0ECFFBD8118}
	EndGlobalSection
	GlobalSection(ExtensibilityGlobals) = postSolution
		SolutionGuid = {5A6EF5D1-DC27-4E06-844E-1DD1D1892FAF}
	EndGlobalSection
EndGlobal
