
Microsoft Visual Studio Solution File, Format Version 12.00
# Visual Studio Version 17
VisualStudioVersion = 17.9.34607.119
MinimumVisualStudioVersion = 10.0.40219.1
Project("{2150E333-8FDC-42A3-9474-1A3956D46DE8}") = "Solution Items", "Solution Items", "{FE25BE04-7BCD-4F90-A154-F5ED1F413E3D}"
EndProject
Project("{2150E333-8FDC-42A3-9474-1A3956D46DE8}") = ".gitea", ".gitea", "{06D7C825-8C71-4B97-ABAF-DEE741B0A808}"
EndProject
Project("{2150E333-8FDC-42A3-9474-1A3956D46DE8}") = "workflows", "workflows", "{57A203A3-E26E-466B-B8D7-A0ECFFBD8118}"
	ProjectSection(SolutionItems) = preProject
		.gitea\workflows\ci-build.yaml = .gitea\workflows\ci-build.yaml
		.gitea\workflows\ci-dev.yaml = .gitea\workflows\ci-dev.yaml
	EndProjectSection
EndProject
Project("{2150E333-8FDC-42A3-9474-1A3956D46DE8}") = "Archive", "Archive", "{A79EAB00-375B-4795-BBCB-73971D6F752A}"
	ProjectSection(SolutionItems) = preProject
		.gitea\workflows\Archive\backend-deploy-original.yaml = .gitea\workflows\Archive\backend-deploy-original.yaml
		.gitea\workflows\Archive\backend-deploy.yaml = .gitea\workflows\Archive\backend-deploy.yaml
		.gitea\workflows\Archive\cicd-dev.yaml = .gitea\workflows\Archive\cicd-dev.yaml
		.gitea\workflows\Archive\deploy-dev.yaml = .gitea\workflows\Archive\deploy-dev.yaml
		.gitea\workflows\Archive\setup-node.yaml = .gitea\workflows\Archive\setup-node.yaml
	EndProjectSection
EndProject
Project("{9A19103F-16F7-4668-BE54-9A1E7A4F7556}") = "DML.RBAC", "DML.RABC\DML.RBAC.csproj", "{A8BCD772-FF1C-4A4D-922B-E7B32DC597EF}"
EndProject
Project("{9A19103F-16F7-4668-BE54-9A1E7A4F7556}") = "DML.ConfigServices", "DML.ConfigServices\DML.ConfigServices.csproj", "{34DD8C24-E25A-4203-88D5-AA587A8E474A}"
EndProject
Project("{9A19103F-16F7-4668-BE54-9A1E7A4F7556}") = "DML.PostgresDb", "DML.PostgresDb\DML.PostgresDb.csproj", "{9137AA6E-C194-404E-B0AB-971FD77F3EB7}"
EndProject
Project("{9A19103F-16F7-4668-BE54-9A1E7A4F7556}") = "DML.MongoDb", "DML.MongoDb\DML.MongoDb.csproj", "{83B3FB7D-3569-4985-8786-67F59C6CAA4C}"
EndProject
Project("{9A19103F-16F7-4668-BE54-9A1E7A4F7556}") = "DML.Domain", "DML.Domain\DML.Domain.csproj", "{4637F7CE-28D3-48FC-BCD3-981B46971DF9}"
EndProject
Project("{9A19103F-16F7-4668-BE54-9A1E7A4F7556}") = "prommetrics", "prommetrics\prommetrics.csproj", "{DC802F00-C4D3-4E04-8CB8-043027086732}"
EndProject
Project("{9A19103F-16F7-4668-BE54-9A1E7A4F7556}") = "WebAPIWDapper", "Test.WebAPIWDapper\WebAPIWDapper.csproj", "{B9941F34-5450-4233-9010-D74E4AC57B1F}"
EndProject
Project("{9A19103F-16F7-4668-BE54-9A1E7A4F7556}") = "DML.RedisCache", "DML.RedisCache\DML.RedisCache.csproj", "{83A9A719-625D-4AB4-8F05-20F600F5E3EB}"
EndProject
Project("{9A19103F-16F7-4668-BE54-9A1E7A4F7556}") = "DML.Services", "DML.Services\DML.Services.csproj", "{25AC31F5-9249-46F2-AC52-1FFCF0DD6527}"
EndProject
Project("{9A19103F-16F7-4668-BE54-9A1E7A4F7556}") = "dml-keyvault", "dml-keyvault\dml-keyvault.csproj", "{4403BEBB-811B-4CE1-B162-310E671A91D7}"
EndProject
Project("{9A19103F-16F7-4668-BE54-9A1E7A4F7556}") = "DML.Security", "DML.Security\DML.Security.csproj", "{E9939879-C458-44DB-8906-52D051BC16B4}"
EndProject
Project("{FAE04EC0-301F-11D3-BF4B-00C04F79EFBC}") = "DML.Utilities", "DML.Utilities\DML.Utilities.csproj", "{1266AA1B-67A5-4ED8-8F92-E04D123B116A}"
EndProject
Global
	GlobalSection(SolutionConfigurationPlatforms) = preSolution
		Debug|Any CPU = Debug|Any CPU
		Release|Any CPU = Release|Any CPU
	EndGlobalSection
	GlobalSection(ProjectConfigurationPlatforms) = postSolution
		{A8BCD772-FF1C-4A4D-922B-E7B32DC597EF}.Debug|Any CPU.ActiveCfg = Debug|Any CPU
		{A8BCD772-FF1C-4A4D-922B-E7B32DC597EF}.Debug|Any CPU.Build.0 = Debug|Any CPU
		{A8BCD772-FF1C-4A4D-922B-E7B32DC597EF}.Release|Any CPU.ActiveCfg = Release|Any CPU
		{A8BCD772-FF1C-4A4D-922B-E7B32DC597EF}.Release|Any CPU.Build.0 = Release|Any CPU
		{34DD8C24-E25A-4203-88D5-AA587A8E474A}.Debug|Any CPU.ActiveCfg = Debug|Any CPU
		{34DD8C24-E25A-4203-88D5-AA587A8E474A}.Debug|Any CPU.Build.0 = Debug|Any CPU
		{34DD8C24-E25A-4203-88D5-AA587A8E474A}.Release|Any CPU.ActiveCfg = Release|Any CPU
		{34DD8C24-E25A-4203-88D5-AA587A8E474A}.Release|Any CPU.Build.0 = Release|Any CPU
		{9137AA6E-C194-404E-B0AB-971FD77F3EB7}.Debug|Any CPU.ActiveCfg = Debug|Any CPU
		{9137AA6E-C194-404E-B0AB-971FD77F3EB7}.Debug|Any CPU.Build.0 = Debug|Any CPU
		{9137AA6E-C194-404E-B0AB-971FD77F3EB7}.Release|Any CPU.ActiveCfg = Release|Any CPU
		{9137AA6E-C194-404E-B0AB-971FD77F3EB7}.Release|Any CPU.Build.0 = Release|Any CPU
		{83B3FB7D-3569-4985-8786-67F59C6CAA4C}.Debug|Any CPU.ActiveCfg = Debug|Any CPU
		{83B3FB7D-3569-4985-8786-67F59C6CAA4C}.Debug|Any CPU.Build.0 = Debug|Any CPU
		{83B3FB7D-3569-4985-8786-67F59C6CAA4C}.Release|Any CPU.ActiveCfg = Release|Any CPU
		{83B3FB7D-3569-4985-8786-67F59C6CAA4C}.Release|Any CPU.Build.0 = Release|Any CPU
		{4637F7CE-28D3-48FC-BCD3-981B46971DF9}.Debug|Any CPU.ActiveCfg = Debug|Any CPU
		{4637F7CE-28D3-48FC-BCD3-981B46971DF9}.Debug|Any CPU.Build.0 = Debug|Any CPU
		{4637F7CE-28D3-48FC-BCD3-981B46971DF9}.Release|Any CPU.ActiveCfg = Release|Any CPU
		{4637F7CE-28D3-48FC-BCD3-981B46971DF9}.Release|Any CPU.Build.0 = Release|Any CPU
		{DC802F00-C4D3-4E04-8CB8-043027086732}.Debug|Any CPU.ActiveCfg = Debug|Any CPU
		{DC802F00-C4D3-4E04-8CB8-043027086732}.Debug|Any CPU.Build.0 = Debug|Any CPU
		{DC802F00-C4D3-4E04-8CB8-043027086732}.Release|Any CPU.ActiveCfg = Release|Any CPU
		{DC802F00-C4D3-4E04-8CB8-043027086732}.Release|Any CPU.Build.0 = Release|Any CPU
		{B9941F34-5450-4233-9010-D74E4AC57B1F}.Debug|Any CPU.ActiveCfg = Debug|Any CPU
		{B9941F34-5450-4233-9010-D74E4AC57B1F}.Debug|Any CPU.Build.0 = Debug|Any CPU
		{B9941F34-5450-4233-9010-D74E4AC57B1F}.Release|Any CPU.ActiveCfg = Release|Any CPU
		{B9941F34-5450-4233-9010-D74E4AC57B1F}.Release|Any CPU.Build.0 = Release|Any CPU
		{83A9A719-625D-4AB4-8F05-20F600F5E3EB}.Debug|Any CPU.ActiveCfg = Debug|Any CPU
		{83A9A719-625D-4AB4-8F05-20F600F5E3EB}.Debug|Any CPU.Build.0 = Debug|Any CPU
		{83A9A719-625D-4AB4-8F05-20F600F5E3EB}.Release|Any CPU.ActiveCfg = Release|Any CPU
		{83A9A719-625D-4AB4-8F05-20F600F5E3EB}.Release|Any CPU.Build.0 = Release|Any CPU
		{25AC31F5-9249-46F2-AC52-1FFCF0DD6527}.Debug|Any CPU.ActiveCfg = Debug|Any CPU
		{25AC31F5-9249-46F2-AC52-1FFCF0DD6527}.Debug|Any CPU.Build.0 = Debug|Any CPU
		{25AC31F5-9249-46F2-AC52-1FFCF0DD6527}.Release|Any CPU.ActiveCfg = Release|Any CPU
		{25AC31F5-9249-46F2-AC52-1FFCF0DD6527}.Release|Any CPU.Build.0 = Release|Any CPU
		{4403BEBB-811B-4CE1-B162-310E671A91D7}.Debug|Any CPU.ActiveCfg = Debug|Any CPU
		{4403BEBB-811B-4CE1-B162-310E671A91D7}.Debug|Any CPU.Build.0 = Debug|Any CPU
		{4403BEBB-811B-4CE1-B162-310E671A91D7}.Release|Any CPU.ActiveCfg = Release|Any CPU
		{4403BEBB-811B-4CE1-B162-310E671A91D7}.Release|Any CPU.Build.0 = Release|Any CPU
		{E9939879-C458-44DB-8906-52D051BC16B4}.Debug|Any CPU.ActiveCfg = Debug|Any CPU
		{E9939879-C458-44DB-8906-52D051BC16B4}.Debug|Any CPU.Build.0 = Debug|Any CPU
		{E9939879-C458-44DB-8906-52D051BC16B4}.Release|Any CPU.ActiveCfg = Release|Any CPU
		{E9939879-C458-44DB-8906-52D051BC16B4}.Release|Any CPU.Build.0 = Release|Any CPU
		{1266AA1B-67A5-4ED8-8F92-E04D123B116A}.Debug|Any CPU.ActiveCfg = Debug|Any CPU
		{1266AA1B-67A5-4ED8-8F92-E04D123B116A}.Debug|Any CPU.Build.0 = Debug|Any CPU
		{1266AA1B-67A5-4ED8-8F92-E04D123B116A}.Release|Any CPU.ActiveCfg = Release|Any CPU
		{1266AA1B-67A5-4ED8-8F92-E04D123B116A}.Release|Any CPU.Build.0 = Release|Any CPU
	EndGlobalSection
	GlobalSection(SolutionProperties) = preSolution
		HideSolutionNode = FALSE
	EndGlobalSection
	GlobalSection(NestedProjects) = preSolution
		{06D7C825-8C71-4B97-ABAF-DEE741B0A808} = {FE25BE04-7BCD-4F90-A154-F5ED1F413E3D}
		{57A203A3-E26E-466B-B8D7-A0ECFFBD8118} = {06D7C825-8C71-4B97-ABAF-DEE741B0A808}
		{A79EAB00-375B-4795-BBCB-73971D6F752A} = {57A203A3-E26E-466B-B8D7-A0ECFFBD8118}
	EndGlobalSection
	GlobalSection(ExtensibilityGlobals) = postSolution
		SolutionGuid = {5A6EF5D1-DC27-4E06-844E-1DD1D1892FAF}
	EndGlobalSection
EndGlobal
